
Microsoft Visual Studio Solution File, Format Version 12.00
# Visual Studio 2012
Project("{FAE04EC0-301F-11D3-BF4B-00C04F79EFBC}") = "Essence.WPF.Cliente", "WPF\Essence.WPF.Cliente\Essence.WPF.Cliente.csproj", "{1BD4E424-E14A-4433-A7E6-478DB1A3F2A4}"
EndProject
Project("{FAE04EC0-301F-11D3-BF4B-00C04F79EFBC}") = "Essence.Dto", "Essence.Dto\Essence.Dto.csproj", "{B9EEAE81-B635-4C28-99E9-7D25AE8B001D}"
EndProject
Project("{FAE04EC0-301F-11D3-BF4B-00C04F79EFBC}") = "Essence.Model", "Essence.Model\Essence.Model.csproj", "{2AED5D71-2A8A-4ADB-8356-445591C0BC17}"
EndProject
Project("{FAE04EC0-301F-11D3-BF4B-00C04F79EFBC}") = "Essence.ViewModel", "Essence.ViewModel\Essence.ViewModel.csproj", "{1B97CCED-1A5D-4024-A488-2828BAF637C3}"
EndProject
Project("{FAE04EC0-301F-11D3-BF4B-00C04F79EFBC}") = "Essence.Comms", "Essence.Comms\Essence.Comms.csproj", "{2A8B5E6F-960F-48DC-872C-A5B6C08C090F}"
EndProject
Project("{FAE04EC0-301F-11D3-BF4B-00C04F79EFBC}") = "EssenceAndroid", "Essence.Android\EssenceAndroid.csproj", "{0393D583-541C-43B7-8693-ABD7B6548E6F}"
EndProject
Project("{2150E333-8FDC-42A3-9474-1A3956D46DE8}") = "Android", "Android", "{AE57138B-262B-40AC-B80A-CBE934FF159D}"
EndProject
Project("{FAE04EC0-301F-11D3-BF4B-00C04F79EFBC}") = "PullToRefresharp.Android", "PullToRefresharp-master\PullToRefresharp.Android\PullToRefresharp.Android.csproj", "{27583AAA-AAE8-4E01-A962-6DCE5E0E3A4B}"
EndProject
Project("{FAE04EC0-301F-11D3-BF4B-00C04F79EFBC}") = "Essence.Injection", "Essence.Injection\Essence.Injection.csproj", "{CE90FD45-85D7-4BDA-9349-071E1EA9A92E}"
EndProject
Project("{FAE04EC0-301F-11D3-BF4B-00C04F79EFBC}") = "Essence.Enums", "Essence.Enums\Essence.Enums.csproj", "{359D5599-0AF3-422B-8D01-0FDD14963FB4}"
EndProject
Project("{FAE04EC0-301F-11D3-BF4B-00C04F79EFBC}") = "Essence.Global", "Essence.Global\Essence.Global.csproj", "{392830CD-EC48-4FEC-BDA6-BB9342BBB01B}"
EndProject
Project("{FAE04EC0-301F-11D3-BF4B-00C04F79EFBC}") = "Essence.IOC", "Essence.IOC\Essence.IOC.csproj", "{E22C67A2-3392-4832-8AC1-A92D2026344E}"
EndProject
Project("{2150E333-8FDC-42A3-9474-1A3956D46DE8}") = "WPF", "WPF", "{4EE573A9-9827-44F2-8A69-4994DAC9E753}"
EndProject
Project("{FAE04EC0-301F-11D3-BF4B-00C04F79EFBC}") = "Essence.WPF.Comun", "WPF\Essence.WPF.Comun\Essence.WPF.Comun.csproj", "{2C402CBA-CF6A-4B68-B4E4-7B04BD5F58F6}"
EndProject
Project("{FAE04EC0-301F-11D3-BF4B-00C04F79EFBC}") = "Essence.WPF.Tiles", "WPF\Essence.WPF.Tiles\Essence.WPF.Tiles.csproj", "{A56AFB88-8D92-4123-9AB9-3C4F663FA9F7}"
EndProject
Project("{FAE04EC0-301F-11D3-BF4B-00C04F79EFBC}") = "Essence.WPF.Post", "WPF\Essence.WPF.Post\Essence.WPF.Post.csproj", "{2D99A7A6-5406-45CF-86DE-1632D1BF7164}"
EndProject
Project("{2150E333-8FDC-42A3-9474-1A3956D46DE8}") = "Pcl", "Pcl", "{FDD47AF5-DF37-476A-9A10-6FDD0215A42D}"
EndProject
Project("{FAE04EC0-301F-11D3-BF4B-00C04F79EFBC}") = "Essence.Helper", "Essence.Helper\Essence.Helper.csproj", "{A045B9DA-4484-49D3-8EDD-A1F2D58696F6}"
EndProject
Project("{2150E333-8FDC-42A3-9474-1A3956D46DE8}") = "SqlServer", "SqlServer", "{C8C270D5-418A-4409-82B3-4245B8CBAA43}"
	ProjectSection(SolutionItems) = preProject
		Script.sql = Script.sql
	EndProjectSection
EndProject
Project("{2150E333-8FDC-42A3-9474-1A3956D46DE8}") = "Web Api", "Web Api", "{1084F344-B6A9-47B9-A10F-7724CCADEDE5}"
EndProject
Project("{2150E333-8FDC-42A3-9474-1A3956D46DE8}") = "Persistence", "Persistence", "{976669CB-6923-4FF8-B606-F3B149F15DF2}"
EndProject
Project("{FAE04EC0-301F-11D3-BF4B-00C04F79EFBC}") = "Essence.Repositories", "Essence.Persistence\Essence.Repositories\Essence.Repositories.csproj", "{55951491-5C49-4EDC-85F8-1797586D9BA7}"
EndProject
Project("{FAE04EC0-301F-11D3-BF4B-00C04F79EFBC}") = "Essence.DataProviders.NHibernate", "Essence.DataProviders.NHibernate\Essence.DataProviders.NHibernate\Essence.DataProviders.NHibernate.csproj", "{DD8361F3-9CDD-4792-A910-6BB3CF84DD6D}"
EndProject
Project("{2150E333-8FDC-42A3-9474-1A3956D46DE8}") = "Rest", "Rest", "{29783E70-0FF0-41F4-A33D-F213B591F628}"
EndProject
Project("{FAE04EC0-301F-11D3-BF4B-00C04F79EFBC}") = "Essence.WebApi", "Essence.WebApi\Essence.WebApi.csproj", "{71177871-51BE-4761-A42D-9C7AA81D7C9C}"
EndProject
Global
	GlobalSection(SolutionConfigurationPlatforms) = preSolution
		Debug|Any CPU = Debug|Any CPU
		Release|Any CPU = Release|Any CPU
	EndGlobalSection
	GlobalSection(ProjectConfigurationPlatforms) = postSolution
		{1BD4E424-E14A-4433-A7E6-478DB1A3F2A4}.Debug|Any CPU.ActiveCfg = Debug|Any CPU
		{1BD4E424-E14A-4433-A7E6-478DB1A3F2A4}.Debug|Any CPU.Build.0 = Debug|Any CPU
		{1BD4E424-E14A-4433-A7E6-478DB1A3F2A4}.Release|Any CPU.ActiveCfg = Release|Any CPU
		{1BD4E424-E14A-4433-A7E6-478DB1A3F2A4}.Release|Any CPU.Build.0 = Release|Any CPU
		{B9EEAE81-B635-4C28-99E9-7D25AE8B001D}.Debug|Any CPU.ActiveCfg = Debug|Any CPU
		{B9EEAE81-B635-4C28-99E9-7D25AE8B001D}.Debug|Any CPU.Build.0 = Debug|Any CPU
		{B9EEAE81-B635-4C28-99E9-7D25AE8B001D}.Release|Any CPU.ActiveCfg = Release|Any CPU
		{B9EEAE81-B635-4C28-99E9-7D25AE8B001D}.Release|Any CPU.Build.0 = Release|Any CPU
		{2AED5D71-2A8A-4ADB-8356-445591C0BC17}.Debug|Any CPU.ActiveCfg = Debug|Any CPU
		{2AED5D71-2A8A-4ADB-8356-445591C0BC17}.Debug|Any CPU.Build.0 = Debug|Any CPU
		{2AED5D71-2A8A-4ADB-8356-445591C0BC17}.Release|Any CPU.ActiveCfg = Release|Any CPU
		{2AED5D71-2A8A-4ADB-8356-445591C0BC17}.Release|Any CPU.Build.0 = Release|Any CPU
		{1B97CCED-1A5D-4024-A488-2828BAF637C3}.Debug|Any CPU.ActiveCfg = Debug|Any CPU
		{1B97CCED-1A5D-4024-A488-2828BAF637C3}.Debug|Any CPU.Build.0 = Debug|Any CPU
		{1B97CCED-1A5D-4024-A488-2828BAF637C3}.Release|Any CPU.ActiveCfg = Release|Any CPU
		{1B97CCED-1A5D-4024-A488-2828BAF637C3}.Release|Any CPU.Build.0 = Release|Any CPU
		{2A8B5E6F-960F-48DC-872C-A5B6C08C090F}.Debug|Any CPU.ActiveCfg = Debug|Any CPU
		{2A8B5E6F-960F-48DC-872C-A5B6C08C090F}.Debug|Any CPU.Build.0 = Debug|Any CPU
		{2A8B5E6F-960F-48DC-872C-A5B6C08C090F}.Release|Any CPU.ActiveCfg = Release|Any CPU
		{2A8B5E6F-960F-48DC-872C-A5B6C08C090F}.Release|Any CPU.Build.0 = Release|Any CPU
		{0393D583-541C-43B7-8693-ABD7B6548E6F}.Debug|Any CPU.ActiveCfg = Debug|Any CPU
		{0393D583-541C-43B7-8693-ABD7B6548E6F}.Debug|Any CPU.Build.0 = Debug|Any CPU
		{0393D583-541C-43B7-8693-ABD7B6548E6F}.Debug|Any CPU.Deploy.0 = Debug|Any CPU
		{0393D583-541C-43B7-8693-ABD7B6548E6F}.Release|Any CPU.ActiveCfg = Release|Any CPU
		{0393D583-541C-43B7-8693-ABD7B6548E6F}.Release|Any CPU.Build.0 = Release|Any CPU
		{0393D583-541C-43B7-8693-ABD7B6548E6F}.Release|Any CPU.Deploy.0 = Release|Any CPU
		{27583AAA-AAE8-4E01-A962-6DCE5E0E3A4B}.Debug|Any CPU.ActiveCfg = Debug|Any CPU
		{27583AAA-AAE8-4E01-A962-6DCE5E0E3A4B}.Debug|Any CPU.Build.0 = Debug|Any CPU
		{27583AAA-AAE8-4E01-A962-6DCE5E0E3A4B}.Release|Any CPU.ActiveCfg = Release|Any CPU
		{27583AAA-AAE8-4E01-A962-6DCE5E0E3A4B}.Release|Any CPU.Build.0 = Release|Any CPU
		{CE90FD45-85D7-4BDA-9349-071E1EA9A92E}.Debug|Any CPU.ActiveCfg = Debug|Any CPU
		{CE90FD45-85D7-4BDA-9349-071E1EA9A92E}.Debug|Any CPU.Build.0 = Debug|Any CPU
		{CE90FD45-85D7-4BDA-9349-071E1EA9A92E}.Release|Any CPU.ActiveCfg = Release|Any CPU
		{CE90FD45-85D7-4BDA-9349-071E1EA9A92E}.Release|Any CPU.Build.0 = Release|Any CPU
		{359D5599-0AF3-422B-8D01-0FDD14963FB4}.Debug|Any CPU.ActiveCfg = Debug|Any CPU
		{359D5599-0AF3-422B-8D01-0FDD14963FB4}.Debug|Any CPU.Build.0 = Debug|Any CPU
		{359D5599-0AF3-422B-8D01-0FDD14963FB4}.Release|Any CPU.ActiveCfg = Release|Any CPU
		{359D5599-0AF3-422B-8D01-0FDD14963FB4}.Release|Any CPU.Build.0 = Release|Any CPU
		{392830CD-EC48-4FEC-BDA6-BB9342BBB01B}.Debug|Any CPU.ActiveCfg = Debug|Any CPU
		{392830CD-EC48-4FEC-BDA6-BB9342BBB01B}.Debug|Any CPU.Build.0 = Debug|Any CPU
		{392830CD-EC48-4FEC-BDA6-BB9342BBB01B}.Release|Any CPU.ActiveCfg = Release|Any CPU
		{392830CD-EC48-4FEC-BDA6-BB9342BBB01B}.Release|Any CPU.Build.0 = Release|Any CPU
		{E22C67A2-3392-4832-8AC1-A92D2026344E}.Debug|Any CPU.ActiveCfg = Debug|Any CPU
		{E22C67A2-3392-4832-8AC1-A92D2026344E}.Debug|Any CPU.Build.0 = Debug|Any CPU
		{E22C67A2-3392-4832-8AC1-A92D2026344E}.Release|Any CPU.ActiveCfg = Release|Any CPU
		{E22C67A2-3392-4832-8AC1-A92D2026344E}.Release|Any CPU.Build.0 = Release|Any CPU
		{2C402CBA-CF6A-4B68-B4E4-7B04BD5F58F6}.Debug|Any CPU.ActiveCfg = Debug|Any CPU
		{2C402CBA-CF6A-4B68-B4E4-7B04BD5F58F6}.Debug|Any CPU.Build.0 = Debug|Any CPU
		{2C402CBA-CF6A-4B68-B4E4-7B04BD5F58F6}.Release|Any CPU.ActiveCfg = Release|Any CPU
		{2C402CBA-CF6A-4B68-B4E4-7B04BD5F58F6}.Release|Any CPU.Build.0 = Release|Any CPU
		{A56AFB88-8D92-4123-9AB9-3C4F663FA9F7}.Debug|Any CPU.ActiveCfg = Debug|Any CPU
		{A56AFB88-8D92-4123-9AB9-3C4F663FA9F7}.Debug|Any CPU.Build.0 = Debug|Any CPU
		{A56AFB88-8D92-4123-9AB9-3C4F663FA9F7}.Release|Any CPU.ActiveCfg = Release|Any CPU
		{A56AFB88-8D92-4123-9AB9-3C4F663FA9F7}.Release|Any CPU.Build.0 = Release|Any CPU
		{2D99A7A6-5406-45CF-86DE-1632D1BF7164}.Debug|Any CPU.ActiveCfg = Debug|Any CPU
		{2D99A7A6-5406-45CF-86DE-1632D1BF7164}.Debug|Any CPU.Build.0 = Debug|Any CPU
		{2D99A7A6-5406-45CF-86DE-1632D1BF7164}.Release|Any CPU.ActiveCfg = Release|Any CPU
		{2D99A7A6-5406-45CF-86DE-1632D1BF7164}.Release|Any CPU.Build.0 = Release|Any CPU
		{A045B9DA-4484-49D3-8EDD-A1F2D58696F6}.Debug|Any CPU.ActiveCfg = Debug|Any CPU
		{A045B9DA-4484-49D3-8EDD-A1F2D58696F6}.Debug|Any CPU.Build.0 = Debug|Any CPU
		{A045B9DA-4484-49D3-8EDD-A1F2D58696F6}.Release|Any CPU.ActiveCfg = Release|Any CPU
		{A045B9DA-4484-49D3-8EDD-A1F2D58696F6}.Release|Any CPU.Build.0 = Release|Any CPU
		{55951491-5C49-4EDC-85F8-1797586D9BA7}.Debug|Any CPU.ActiveCfg = Debug|Any CPU
		{55951491-5C49-4EDC-85F8-1797586D9BA7}.Debug|Any CPU.Build.0 = Debug|Any CPU
		{55951491-5C49-4EDC-85F8-1797586D9BA7}.Release|Any CPU.ActiveCfg = Release|Any CPU
		{55951491-5C49-4EDC-85F8-1797586D9BA7}.Release|Any CPU.Build.0 = Release|Any CPU
		{DD8361F3-9CDD-4792-A910-6BB3CF84DD6D}.Debug|Any CPU.ActiveCfg = Debug|Any CPU
		{DD8361F3-9CDD-4792-A910-6BB3CF84DD6D}.Debug|Any CPU.Build.0 = Debug|Any CPU
		{DD8361F3-9CDD-4792-A910-6BB3CF84DD6D}.Release|Any CPU.ActiveCfg = Release|Any CPU
		{DD8361F3-9CDD-4792-A910-6BB3CF84DD6D}.Release|Any CPU.Build.0 = Release|Any CPU
		{71177871-51BE-4761-A42D-9C7AA81D7C9C}.Debug|Any CPU.ActiveCfg = Debug|Any CPU
		{71177871-51BE-4761-A42D-9C7AA81D7C9C}.Debug|Any CPU.Build.0 = Debug|Any CPU
		{71177871-51BE-4761-A42D-9C7AA81D7C9C}.Release|Any CPU.ActiveCfg = Release|Any CPU
		{71177871-51BE-4761-A42D-9C7AA81D7C9C}.Release|Any CPU.Build.0 = Release|Any CPU
	EndGlobalSection
	GlobalSection(SolutionProperties) = preSolution
		HideSolutionNode = FALSE
	EndGlobalSection
	GlobalSection(NestedProjects) = preSolution
		{1BD4E424-E14A-4433-A7E6-478DB1A3F2A4} = {4EE573A9-9827-44F2-8A69-4994DAC9E753}
		{2C402CBA-CF6A-4B68-B4E4-7B04BD5F58F6} = {4EE573A9-9827-44F2-8A69-4994DAC9E753}
		{A56AFB88-8D92-4123-9AB9-3C4F663FA9F7} = {4EE573A9-9827-44F2-8A69-4994DAC9E753}
		{2D99A7A6-5406-45CF-86DE-1632D1BF7164} = {4EE573A9-9827-44F2-8A69-4994DAC9E753}
		{2AED5D71-2A8A-4ADB-8356-445591C0BC17} = {FDD47AF5-DF37-476A-9A10-6FDD0215A42D}
		{1B97CCED-1A5D-4024-A488-2828BAF637C3} = {FDD47AF5-DF37-476A-9A10-6FDD0215A42D}
		{2A8B5E6F-960F-48DC-872C-A5B6C08C090F} = {FDD47AF5-DF37-476A-9A10-6FDD0215A42D}
		{CE90FD45-85D7-4BDA-9349-071E1EA9A92E} = {FDD47AF5-DF37-476A-9A10-6FDD0215A42D}
		{359D5599-0AF3-422B-8D01-0FDD14963FB4} = {FDD47AF5-DF37-476A-9A10-6FDD0215A42D}
		{392830CD-EC48-4FEC-BDA6-BB9342BBB01B} = {FDD47AF5-DF37-476A-9A10-6FDD0215A42D}
		{E22C67A2-3392-4832-8AC1-A92D2026344E} = {FDD47AF5-DF37-476A-9A10-6FDD0215A42D}
		{B9EEAE81-B635-4C28-99E9-7D25AE8B001D} = {FDD47AF5-DF37-476A-9A10-6FDD0215A42D}
		{A045B9DA-4484-49D3-8EDD-A1F2D58696F6} = {FDD47AF5-DF37-476A-9A10-6FDD0215A42D}
		{0393D583-541C-43B7-8693-ABD7B6548E6F} = {AE57138B-262B-40AC-B80A-CBE934FF159D}
		{27583AAA-AAE8-4E01-A962-6DCE5E0E3A4B} = {AE57138B-262B-40AC-B80A-CBE934FF159D}
		{976669CB-6923-4FF8-B606-F3B149F15DF2} = {1084F344-B6A9-47B9-A10F-7724CCADEDE5}
		{29783E70-0FF0-41F4-A33D-F213B591F628} = {1084F344-B6A9-47B9-A10F-7724CCADEDE5}
		{55951491-5C49-4EDC-85F8-1797586D9BA7} = {976669CB-6923-4FF8-B606-F3B149F15DF2}
		{DD8361F3-9CDD-4792-A910-6BB3CF84DD6D} = {976669CB-6923-4FF8-B606-F3B149F15DF2}
		{71177871-51BE-4761-A42D-9C7AA81D7C9C} = {29783E70-0FF0-41F4-A33D-F213B591F628}
	EndGlobalSection
EndGlobal
